{
  "pins" : [
    {
      "identity" : "ios-commontypes",
      "kind" : "remoteSourceControl",
      "location" : "https://github.com/diia-open-source/ios-commontypes.git",
      "state" : {
        "revision" : "d9a0b9fb32ec4725d865530a568d562983163118",
        "version" : "1.0.20"
      }
    },
    {
      "identity" : "ios-mvpmodule",
      "kind" : "remoteSourceControl",
      "location" : "https://github.com/diia-open-source/ios-mvpmodule.git",
      "state" : {
        "revision" : "1bb81cb1db77295939ef0e915a27962380d95396",
        "version" : "1.0.15"
      }
    },
    {
      "identity" : "kingfisher",
      "kind" : "remoteSourceControl",
      "location" : "https://github.com/onevcat/Kingfisher",
      "state" : {
        "revision" : "2ef543ee21d63734e1c004ad6c870255e8716c50",
        "version" : "7.12.0"
      }
    },
    {
      "identity" : "lottie-spm",
      "kind" : "remoteSourceControl",
      "location" : "https://github.com/airbnb/lottie-spm.git",
      "state" : {
        "revision" : "60ea4f82fba8b4cb21a75665a889e86ed4d81c6e",
        "version" : "4.2.0"
      }
    },
    {
      "identity" : "swiftmessages",
      "kind" : "remoteSourceControl",
      "location" : "https://github.com/SwiftKickMobile/SwiftMessages",
      "state" : {
        "revision" : "62e12e138fc3eedf88c7553dd5d98712aa119f40",
        "version" : "9.0.9"
      }
    }
  ],
  "version" : 2
}
